
Microsoft Visual Studio Solution File, Format Version 12.00
# Visual Studio Version 17
VisualStudioVersion = 17.0.31903.59
MinimumVisualStudioVersion = 10.0.40219.1
Project("{FAE04EC0-301F-11D3-BF4B-00C04F79EFBC}") = "TranQuiv.Lib", "TranQuiv.Lib\TranQuiv.Lib.csproj", "{C57525C6-F8A5-47EF-8E83-861C12784B57}"
EndProject
Project("{FAE04EC0-301F-11D3-BF4B-00C04F79EFBC}") = "TranQuiv.Lib.Console", "TranQuiv.Lib.Console\TranQuiv.Lib.Console.csproj", "{1E9F38E2-3D70-417C-AD2F-B767C28CADB8}"
EndProject
Global
	GlobalSection(SolutionConfigurationPlatforms) = preSolution
		Debug|Any CPU = Debug|Any CPU
		Release|Any CPU = Release|Any CPU
	EndGlobalSection
	GlobalSection(SolutionProperties) = preSolution
		HideSolutionNode = FALSE
	EndGlobalSection
	GlobalSection(ProjectConfigurationPlatforms) = postSolution
		{C57525C6-F8A5-47EF-8E83-861C12784B57}.Debug|Any CPU.ActiveCfg = Debug|Any CPU
		{C57525C6-F8A5-47EF-8E83-861C12784B57}.Debug|Any CPU.Build.0 = Debug|Any CPU
		{C57525C6-F8A5-47EF-8E83-861C12784B57}.Release|Any CPU.ActiveCfg = Release|Any CPU
		{C57525C6-F8A5-47EF-8E83-861C12784B57}.Release|Any CPU.Build.0 = Release|Any CPU
		{1E9F38E2-3D70-417C-AD2F-B767C28CADB8}.Debug|Any CPU.ActiveCfg = Debug|Any CPU
		{1E9F38E2-3D70-417C-AD2F-B767C28CADB8}.Debug|Any CPU.Build.0 = Debug|Any CPU
		{1E9F38E2-3D70-417C-AD2F-B767C28CADB8}.Release|Any CPU.ActiveCfg = Release|Any CPU
		{1E9F38E2-3D70-417C-AD2F-B767C28CADB8}.Release|Any CPU.Build.0 = Release|Any CPU
	EndGlobalSection
EndGlobal
